// !$*UTF8*$!
{
	archiveVersion = 1;
	classes = {
	};
	objectVersion = 70;
	objects = {

/* Begin PBXBuildFile section */
		6E318CB52C791F1F00DDABFF /* MappedApp.swift in Sources */ = {isa = PBXBuildFile; fileRef = 6E318CB42C791F1F00DDABFF /* MappedApp.swift */; };
		6E318CB72C791F1F00DDABFF /* ContentView.swift in Sources */ = {isa = PBXBuildFile; fileRef = 6E318CB62C791F1F00DDABFF /* ContentView.swift */; };
		6E318CB92C791F2200DDABFF /* Assets.xcassets in Resources */ = {isa = PBXBuildFile; fileRef = 6E318CB82C791F2200DDABFF /* Assets.xcassets */; };
		6E318CBC2C791F2200DDABFF /* Preview Assets.xcassets in Resources */ = {isa = PBXBuildFile; fileRef = 6E318CBB2C791F2200DDABFF /* Preview Assets.xcassets */; };
		6E318CC62C791F2200DDABFF /* MappedTests.swift in Sources */ = {isa = PBXBuildFile; fileRef = 6E318CC52C791F2200DDABFF /* MappedTests.swift */; };
		6E318CD02C791F2200DDABFF /* MappedUITests.swift in Sources */ = {isa = PBXBuildFile; fileRef = 6E318CCF2C791F2200DDABFF /* MappedUITests.swift */; };
		6E318CD22C791F2200DDABFF /* MappedUITestsLaunchTests.swift in Sources */ = {isa = PBXBuildFile; fileRef = 6E318CD12C791F2200DDABFF /* MappedUITestsLaunchTests.swift */; };
		6E3DF2D62EB03B6500B4A334 /* LocationDataExporter.swift in Sources */ = {isa = PBXBuildFile; fileRef = 6E3DF2D52EB03B6500B4A334 /* LocationDataExporter.swift */; };
		6E66DA342EC2795100536186 /* DocumentIcon@2x.png in Resources */ = {isa = PBXBuildFile; fileRef = 6E66DA322EC2795100536186 /* DocumentIcon@2x.png */; };
		6E66DA352EC2795100536186 /* DocumentIcon@3x.png in Resources */ = {isa = PBXBuildFile; fileRef = 6E66DA332EC2795100536186 /* DocumentIcon@3x.png */; };
		6E66DA362EC2795100536186 /* DocumentIcon@1x.png in Resources */ = {isa = PBXBuildFile; fileRef = 6E66DA312EC2795100536186 /* DocumentIcon@1x.png */; };
		6E6D8BBC2CC0654300C79767 /* ShareSection.swift in Sources */ = {isa = PBXBuildFile; fileRef = 6E6D8BBB2CC0654300C79767 /* ShareSection.swift */; };
		6E6D90832ECB923D004C3945 /* OnboardingView.swift in Sources */ = {isa = PBXBuildFile; fileRef = 6E6D90822ECB923D004C3945 /* OnboardingView.swift */; };
		6E6D90852ECBA80B004C3945 /* PrivacyInfo.xcprivacy in Resources */ = {isa = PBXBuildFile; fileRef = 6E6D90842ECBA80B004C3945 /* PrivacyInfo.xcprivacy */; };
		6E6D90872ECBB568004C3945 /* YearStoryCarousel.swift in Sources */ = {isa = PBXBuildFile; fileRef = 6E6D90862ECBB568004C3945 /* YearStoryCarousel.swift */; };
		6E6D90892ECBB68C004C3945 /* ConstellationFullView.swift in Sources */ = {isa = PBXBuildFile; fileRef = 6E6D90882ECBB68C004C3945 /* ConstellationFullView.swift */; };
		6E6DB6A42EC4EB8200B24606 /* QuickLook.framework in Frameworks */ = {isa = PBXBuildFile; fileRef = 6E6DB6A32EC4EB8100B24606 /* QuickLook.framework */; };
		6E6DB6B02EC4EB8200B24606 /* Mapped25Preview.appex in Embed Foundation Extensions */ = {isa = PBXBuildFile; fileRef = 6E6DB6A12EC4EB8100B24606 /* Mapped25Preview.appex */; settings = {ATTRIBUTES = (RemoveHeadersOnCopy, ); }; };
		6E72FF7A2ECD3F5100917B89 /* ResponsiveLayout.swift in Sources */ = {isa = PBXBuildFile; fileRef = 6E72FF792ECD3F5100917B89 /* ResponsiveLayout.swift */; };
		6EA543352CA1ADAB00AA8A4D /* PhotoLoader.swift in Sources */ = {isa = PBXBuildFile; fileRef = 6EA543342CA1ADAB00AA8A4D /* PhotoLoader.swift */; };
		6EAB32852E9C4025006444A0 /* VideoExportView.swift in Sources */ = {isa = PBXBuildFile; fileRef = 6EAB32842E9C3E45006444A0 /* VideoExportView.swift */; };
		6EAB32862E9C402C006444A0 /* VideoExporter.swift in Sources */ = {isa = PBXBuildFile; fileRef = 6EAB32832E9C3E2C006444A0 /* VideoExporter.swift */; };
		6EB555792C9A1E1F0017CC30 /* MapSection.swift in Sources */ = {isa = PBXBuildFile; fileRef = 6EB555782C9A1E1F0017CC30 /* MapSection.swift */; };
		6EB5557B2C9A1E490017CC30 /* StatisticsSection.swift in Sources */ = {isa = PBXBuildFile; fileRef = 6EB5557A2C9A1E490017CC30 /* StatisticsSection.swift */; };
		6EB5557D2C9A1F910017CC30 /* HomeMenu.swift in Sources */ = {isa = PBXBuildFile; fileRef = 6EB5557C2C9A1F910017CC30 /* HomeMenu.swift */; };
		6ED98EE62EBACF580039079B /* NotificationManager.swift in Sources */ = {isa = PBXBuildFile; fileRef = 6ED98EE52EBACF580039079B /* NotificationManager.swift */; };
		6EDFBC242EB172F40011EEB3 /* PersistenceManager.swift in Sources */ = {isa = PBXBuildFile; fileRef = 6EDFBC232EB172F40011EEB3 /* PersistenceManager.swift */; };
		6EDFBC262EB173270011EEB3 /* FriendsManagerView.swift in Sources */ = {isa = PBXBuildFile; fileRef = 6EDFBC252EB173270011EEB3 /* FriendsManagerView.swift */; };
		6EE12E762EC23F4000502F89 /* FriendLeaderboard.swift in Sources */ = {isa = PBXBuildFile; fileRef = 6EE12E752EC23F4000502F89 /* FriendLeaderboard.swift */; };
		6EE6389E2EBE520900588281 /* VideoExportManager.swift in Sources */ = {isa = PBXBuildFile; fileRef = 6EE6389D2EBE520900588281 /* VideoExportManager.swift */; };
/* End PBXBuildFile section */

/* Begin PBXContainerItemProxy section */
		6E318CC22C791F2200DDABFF /* PBXContainerItemProxy */ = {
			isa = PBXContainerItemProxy;
			containerPortal = 6E318CA92C791F1F00DDABFF /* Project object */;
			proxyType = 1;
			remoteGlobalIDString = 6E318CB02C791F1F00DDABFF;
			remoteInfo = Mapped;
		};
		6E318CCC2C791F2200DDABFF /* PBXContainerItemProxy */ = {
			isa = PBXContainerItemProxy;
			containerPortal = 6E318CA92C791F1F00DDABFF /* Project object */;
			proxyType = 1;
			remoteGlobalIDString = 6E318CB02C791F1F00DDABFF;
			remoteInfo = Mapped;
		};
		6E6DB6AE2EC4EB8200B24606 /* PBXContainerItemProxy */ = {
			isa = PBXContainerItemProxy;
			containerPortal = 6E318CA92C791F1F00DDABFF /* Project object */;
			proxyType = 1;
			remoteGlobalIDString = 6E6DB6A02EC4EB8100B24606;
			remoteInfo = MappedPreview;
		};
/* End PBXContainerItemProxy section */

/* Begin PBXCopyFilesBuildPhase section */
		6E6DB6B12EC4EB8200B24606 /* Embed Foundation Extensions */ = {
			isa = PBXCopyFilesBuildPhase;
			buildActionMask = 2147483647;
			dstPath = "";
			dstSubfolderSpec = 13;
			files = (
				6E6DB6B02EC4EB8200B24606 /* Mapped25Preview.appex in Embed Foundation Extensions */,
			);
			name = "Embed Foundation Extensions";
			runOnlyForDeploymentPostprocessing = 0;
		};
/* End PBXCopyFilesBuildPhase section */

/* Begin PBXFileReference section */
		6E318CB12C791F1F00DDABFF /* Mapped25.app */ = {isa = PBXFileReference; explicitFileType = wrapper.application; includeInIndex = 0; path = Mapped25.app; sourceTree = BUILT_PRODUCTS_DIR; };
		6E318CB42C791F1F00DDABFF /* MappedApp.swift */ = {isa = PBXFileReference; lastKnownFileType = sourcecode.swift; path = MappedApp.swift; sourceTree = "<group>"; };
		6E318CB62C791F1F00DDABFF /* ContentView.swift */ = {isa = PBXFileReference; lastKnownFileType = sourcecode.swift; path = ContentView.swift; sourceTree = "<group>"; };
		6E318CB82C791F2200DDABFF /* Assets.xcassets */ = {isa = PBXFileReference; lastKnownFileType = folder.assetcatalog; path = Assets.xcassets; sourceTree = "<group>"; };
		6E318CBB2C791F2200DDABFF /* Preview Assets.xcassets */ = {isa = PBXFileReference; lastKnownFileType = folder.assetcatalog; path = "Preview Assets.xcassets"; sourceTree = "<group>"; };
		6E318CC12C791F2200DDABFF /* Mapped25Tests.xctest */ = {isa = PBXFileReference; explicitFileType = wrapper.cfbundle; includeInIndex = 0; path = Mapped25Tests.xctest; sourceTree = BUILT_PRODUCTS_DIR; };
		6E318CC52C791F2200DDABFF /* MappedTests.swift */ = {isa = PBXFileReference; lastKnownFileType = sourcecode.swift; path = MappedTests.swift; sourceTree = "<group>"; };
		6E318CCB2C791F2200DDABFF /* Mapped25UITests.xctest */ = {isa = PBXFileReference; explicitFileType = wrapper.cfbundle; includeInIndex = 0; path = Mapped25UITests.xctest; sourceTree = BUILT_PRODUCTS_DIR; };
		6E318CCF2C791F2200DDABFF /* MappedUITests.swift */ = {isa = PBXFileReference; lastKnownFileType = sourcecode.swift; path = MappedUITests.swift; sourceTree = "<group>"; };
		6E318CD12C791F2200DDABFF /* MappedUITestsLaunchTests.swift */ = {isa = PBXFileReference; lastKnownFileType = sourcecode.swift; path = MappedUITestsLaunchTests.swift; sourceTree = "<group>"; };
		6E3DF2D52EB03B6500B4A334 /* LocationDataExporter.swift */ = {isa = PBXFileReference; lastKnownFileType = sourcecode.swift; path = LocationDataExporter.swift; sourceTree = "<group>"; };
		6E66DA312EC2795100536186 /* DocumentIcon@1x.png */ = {isa = PBXFileReference; lastKnownFileType = image.png; path = "DocumentIcon@1x.png"; sourceTree = "<group>"; };
		6E66DA322EC2795100536186 /* DocumentIcon@2x.png */ = {isa = PBXFileReference; lastKnownFileType = image.png; path = "DocumentIcon@2x.png"; sourceTree = "<group>"; };
		6E66DA332EC2795100536186 /* DocumentIcon@3x.png */ = {isa = PBXFileReference; lastKnownFileType = image.png; path = "DocumentIcon@3x.png"; sourceTree = "<group>"; };
		6E6D8BBB2CC0654300C79767 /* ShareSection.swift */ = {isa = PBXFileReference; lastKnownFileType = sourcecode.swift; path = ShareSection.swift; sourceTree = "<group>"; };
		6E6D90822ECB923D004C3945 /* OnboardingView.swift */ = {isa = PBXFileReference; lastKnownFileType = sourcecode.swift; path = OnboardingView.swift; sourceTree = "<group>"; };
		6E6D90842ECBA80B004C3945 /* PrivacyInfo.xcprivacy */ = {isa = PBXFileReference; lastKnownFileType = text.xml; path = PrivacyInfo.xcprivacy; sourceTree = "<group>"; };
		6E6D90862ECBB568004C3945 /* YearStoryCarousel.swift */ = {isa = PBXFileReference; lastKnownFileType = sourcecode.swift; path = YearStoryCarousel.swift; sourceTree = "<group>"; };
		6E6D90882ECBB68C004C3945 /* ConstellationFullView.swift */ = {isa = PBXFileReference; lastKnownFileType = sourcecode.swift; path = ConstellationFullView.swift; sourceTree = "<group>"; };
		6E6DB6A12EC4EB8100B24606 /* Mapped25Preview.appex */ = {isa = PBXFileReference; explicitFileType = "wrapper.app-extension"; includeInIndex = 0; path = Mapped25Preview.appex; sourceTree = BUILT_PRODUCTS_DIR; };
		6E6DB6A32EC4EB8100B24606 /* QuickLook.framework */ = {isa = PBXFileReference; lastKnownFileType = wrapper.framework; name = QuickLook.framework; path = System/Library/Frameworks/QuickLook.framework; sourceTree = SDKROOT; };
		6E6DB6B62EC4EDFB00B24606 /* Mapped.entitlements */ = {isa = PBXFileReference; lastKnownFileType = text.plist.entitlements; path = Mapped.entitlements; sourceTree = "<group>"; };
		6E72FF792ECD3F5100917B89 /* ResponsiveLayout.swift */ = {isa = PBXFileReference; lastKnownFileType = sourcecode.swift; path = ResponsiveLayout.swift; sourceTree = "<group>"; };
		6EA543342CA1ADAB00AA8A4D /* PhotoLoader.swift */ = {isa = PBXFileReference; lastKnownFileType = sourcecode.swift; path = PhotoLoader.swift; sourceTree = "<group>"; };
		6EAB32832E9C3E2C006444A0 /* VideoExporter.swift */ = {isa = PBXFileReference; lastKnownFileType = sourcecode.swift; path = VideoExporter.swift; sourceTree = "<group>"; };
		6EAB32842E9C3E45006444A0 /* VideoExportView.swift */ = {isa = PBXFileReference; lastKnownFileType = sourcecode.swift; path = VideoExportView.swift; sourceTree = "<group>"; };
		6EB555782C9A1E1F0017CC30 /* MapSection.swift */ = {isa = PBXFileReference; lastKnownFileType = sourcecode.swift; path = MapSection.swift; sourceTree = "<group>"; };
		6EB5557A2C9A1E490017CC30 /* StatisticsSection.swift */ = {isa = PBXFileReference; lastKnownFileType = sourcecode.swift; path = StatisticsSection.swift; sourceTree = "<group>"; };
		6EB5557C2C9A1F910017CC30 /* HomeMenu.swift */ = {isa = PBXFileReference; lastKnownFileType = sourcecode.swift; path = HomeMenu.swift; sourceTree = "<group>"; };
		6ED98EE52EBACF580039079B /* NotificationManager.swift */ = {isa = PBXFileReference; lastKnownFileType = sourcecode.swift; path = NotificationManager.swift; sourceTree = "<group>"; };
		6EDFBC232EB172F40011EEB3 /* PersistenceManager.swift */ = {isa = PBXFileReference; lastKnownFileType = sourcecode.swift; path = PersistenceManager.swift; sourceTree = "<group>"; };
		6EDFBC252EB173270011EEB3 /* FriendsManagerView.swift */ = {isa = PBXFileReference; lastKnownFileType = sourcecode.swift; path = FriendsManagerView.swift; sourceTree = "<group>"; };
		6EE12E752EC23F4000502F89 /* FriendLeaderboard.swift */ = {isa = PBXFileReference; lastKnownFileType = sourcecode.swift; path = FriendLeaderboard.swift; sourceTree = "<group>"; };
		6EE52B812C7A8480000E7B5F /* Info.plist */ = {isa = PBXFileReference; lastKnownFileType = text.plist.xml; path = Info.plist; sourceTree = "<group>"; };
		6EE6389D2EBE520900588281 /* VideoExportManager.swift */ = {isa = PBXFileReference; lastKnownFileType = sourcecode.swift; path = VideoExportManager.swift; sourceTree = "<group>"; };
/* End PBXFileReference section */

/* Begin PBXFileSystemSynchronizedBuildFileExceptionSet section */
		6E6DB6B42EC4EB8200B24606 /* PBXFileSystemSynchronizedBuildFileExceptionSet */ = {
			isa = PBXFileSystemSynchronizedBuildFileExceptionSet;
			membershipExceptions = (
				Info.plist,
			);
			target = 6E6DB6A02EC4EB8100B24606 /* Mapped25Preview */;
		};
/* End PBXFileSystemSynchronizedBuildFileExceptionSet section */

/* Begin PBXFileSystemSynchronizedRootGroup section */
		6E6DB6A52EC4EB8200B24606 /* MappedPreview */ = {isa = PBXFileSystemSynchronizedRootGroup; exceptions = (6E6DB6B42EC4EB8200B24606 /* PBXFileSystemSynchronizedBuildFileExceptionSet */, ); explicitFileTypes = {}; explicitFolders = (); path = MappedPreview; sourceTree = "<group>"; };
/* End PBXFileSystemSynchronizedRootGroup section */

/* Begin PBXFrameworksBuildPhase section */
		6E318CAE2C791F1F00DDABFF /* Frameworks */ = {
			isa = PBXFrameworksBuildPhase;
			buildActionMask = 2147483647;
			files = (
			);
			runOnlyForDeploymentPostprocessing = 0;
		};
		6E318CBE2C791F2200DDABFF /* Frameworks */ = {
			isa = PBXFrameworksBuildPhase;
			buildActionMask = 2147483647;
			files = (
			);
			runOnlyForDeploymentPostprocessing = 0;
		};
		6E318CC82C791F2200DDABFF /* Frameworks */ = {
			isa = PBXFrameworksBuildPhase;
			buildActionMask = 2147483647;
			files = (
			);
			runOnlyForDeploymentPostprocessing = 0;
		};
		6E6DB69E2EC4EB8100B24606 /* Frameworks */ = {
			isa = PBXFrameworksBuildPhase;
			buildActionMask = 2147483647;
			files = (
				6E6DB6A42EC4EB8200B24606 /* QuickLook.framework in Frameworks */,
			);
			runOnlyForDeploymentPostprocessing = 0;
		};
/* End PBXFrameworksBuildPhase section */

/* Begin PBXGroup section */
		6E318CA82C791F1F00DDABFF = {
			isa = PBXGroup;
			children = (
				6EE52B812C7A8480000E7B5F /* Info.plist */,
				6E318CB32C791F1F00DDABFF /* Mapped */,
				6E318CC42C791F2200DDABFF /* MappedTests */,
				6E318CCE2C791F2200DDABFF /* MappedUITests */,
				6E6DB6A52EC4EB8200B24606 /* MappedPreview */,
				6E6DB6A22EC4EB8100B24606 /* Frameworks */,
				6E318CB22C791F1F00DDABFF /* Products */,
				6E66DA312EC2795100536186 /* DocumentIcon@1x.png */,
				6E66DA322EC2795100536186 /* DocumentIcon@2x.png */,
				6E66DA332EC2795100536186 /* DocumentIcon@3x.png */,
			);
			sourceTree = "<group>";
		};
		6E318CB22C791F1F00DDABFF /* Products */ = {
			isa = PBXGroup;
			children = (
				6E318CB12C791F1F00DDABFF /* Mapped25.app */,
				6E318CC12C791F2200DDABFF /* Mapped25Tests.xctest */,
				6E318CCB2C791F2200DDABFF /* Mapped25UITests.xctest */,
				6E6DB6A12EC4EB8100B24606 /* Mapped25Preview.appex */,
			);
			name = Products;
			sourceTree = "<group>";
		};
		6E318CB32C791F1F00DDABFF /* Mapped */ = {
			isa = PBXGroup;
			children = (
				6E6DB6B62EC4EDFB00B24606 /* Mapped.entitlements */,
				6E6D90842ECBA80B004C3945 /* PrivacyInfo.xcprivacy */,
				6E318CB82C791F2200DDABFF /* Assets.xcassets */,
				6ED98EE52EBACF580039079B /* NotificationManager.swift */,
				6E72FF792ECD3F5100917B89 /* ResponsiveLayout.swift */,
				6EAB32832E9C3E2C006444A0 /* VideoExporter.swift */,
				6EAB32842E9C3E45006444A0 /* VideoExportView.swift */,
				6E318CB42C791F1F00DDABFF /* MappedApp.swift */,
				6E318CB62C791F1F00DDABFF /* ContentView.swift */,
				6E6D90882ECBB68C004C3945 /* ConstellationFullView.swift */,
				6E6D90822ECB923D004C3945 /* OnboardingView.swift */,
				6E6D8BBB2CC0654300C79767 /* ShareSection.swift */,
				6EE6389D2EBE520900588281 /* VideoExportManager.swift */,
				6EB555782C9A1E1F0017CC30 /* MapSection.swift */,
				6E3DF2D52EB03B6500B4A334 /* LocationDataExporter.swift */,
				6EA543342CA1ADAB00AA8A4D /* PhotoLoader.swift */,
				6EDFBC252EB173270011EEB3 /* FriendsManagerView.swift */,
				6E6D90862ECBB568004C3945 /* YearStoryCarousel.swift */,
				6EE12E752EC23F4000502F89 /* FriendLeaderboard.swift */,
				6EB5557C2C9A1F910017CC30 /* HomeMenu.swift */,
				6EDFBC232EB172F40011EEB3 /* PersistenceManager.swift */,
				6EB5557A2C9A1E490017CC30 /* StatisticsSection.swift */,
				6E318CBA2C791F2200DDABFF /* Preview Content */,
			);
			path = Mapped;
			sourceTree = "<group>";
		};
		6E318CBA2C791F2200DDABFF /* Preview Content */ = {
			isa = PBXGroup;
			children = (
				6E318CBB2C791F2200DDABFF /* Preview Assets.xcassets */,
			);
			path = "Preview Content";
			sourceTree = "<group>";
		};
		6E318CC42C791F2200DDABFF /* MappedTests */ = {
			isa = PBXGroup;
			children = (
				6E318CC52C791F2200DDABFF /* MappedTests.swift */,
			);
			path = MappedTests;
			sourceTree = "<group>";
		};
		6E318CCE2C791F2200DDABFF /* MappedUITests */ = {
			isa = PBXGroup;
			children = (
				6E318CCF2C791F2200DDABFF /* MappedUITests.swift */,
				6E318CD12C791F2200DDABFF /* MappedUITestsLaunchTests.swift */,
			);
			path = MappedUITests;
			sourceTree = "<group>";
		};
		6E6DB6A22EC4EB8100B24606 /* Frameworks */ = {
			isa = PBXGroup;
			children = (
				6E6DB6A32EC4EB8100B24606 /* QuickLook.framework */,
			);
			name = Frameworks;
			sourceTree = "<group>";
		};
/* End PBXGroup section */

/* Begin PBXNativeTarget section */
		6E318CB02C791F1F00DDABFF /* Mapped25 */ = {
			isa = PBXNativeTarget;
			buildConfigurationList = 6E318CD52C791F2200DDABFF /* Build configuration list for PBXNativeTarget "Mapped25" */;
			buildPhases = (
				6E318CAD2C791F1F00DDABFF /* Sources */,
				6E318CAE2C791F1F00DDABFF /* Frameworks */,
				6E318CAF2C791F1F00DDABFF /* Resources */,
				6E6DB6B12EC4EB8200B24606 /* Embed Foundation Extensions */,
			);
			buildRules = (
			);
			dependencies = (
				6E6DB6AF2EC4EB8200B24606 /* PBXTargetDependency */,
			);
			name = Mapped25;
			productName = Mapped;
			productReference = 6E318CB12C791F1F00DDABFF /* Mapped25.app */;
			productType = "com.apple.product-type.application";
		};
		6E318CC02C791F2200DDABFF /* Mapped25Tests */ = {
			isa = PBXNativeTarget;
			buildConfigurationList = 6E318CD82C791F2200DDABFF /* Build configuration list for PBXNativeTarget "Mapped25Tests" */;
			buildPhases = (
				6E318CBD2C791F2200DDABFF /* Sources */,
				6E318CBE2C791F2200DDABFF /* Frameworks */,
				6E318CBF2C791F2200DDABFF /* Resources */,
			);
			buildRules = (
			);
			dependencies = (
				6E318CC32C791F2200DDABFF /* PBXTargetDependency */,
			);
			name = Mapped25Tests;
			productName = MappedTests;
			productReference = 6E318CC12C791F2200DDABFF /* Mapped25Tests.xctest */;
			productType = "com.apple.product-type.bundle.unit-test";
		};
		6E318CCA2C791F2200DDABFF /* Mapped25UITests */ = {
			isa = PBXNativeTarget;
			buildConfigurationList = 6E318CDB2C791F2200DDABFF /* Build configuration list for PBXNativeTarget "Mapped25UITests" */;
			buildPhases = (
				6E318CC72C791F2200DDABFF /* Sources */,
				6E318CC82C791F2200DDABFF /* Frameworks */,
				6E318CC92C791F2200DDABFF /* Resources */,
			);
			buildRules = (
			);
			dependencies = (
				6E318CCD2C791F2200DDABFF /* PBXTargetDependency */,
			);
			name = Mapped25UITests;
			productName = MappedUITests;
			productReference = 6E318CCB2C791F2200DDABFF /* Mapped25UITests.xctest */;
			productType = "com.apple.product-type.bundle.ui-testing";
		};
		6E6DB6A02EC4EB8100B24606 /* Mapped25Preview */ = {
			isa = PBXNativeTarget;
			buildConfigurationList = 6E6DB6B52EC4EB8200B24606 /* Build configuration list for PBXNativeTarget "Mapped25Preview" */;
			buildPhases = (
				6E6DB69D2EC4EB8100B24606 /* Sources */,
				6E6DB69E2EC4EB8100B24606 /* Frameworks */,
				6E6DB69F2EC4EB8100B24606 /* Resources */,
			);
			buildRules = (
			);
			dependencies = (
			);
			fileSystemSynchronizedGroups = (
				6E6DB6A52EC4EB8200B24606 /* MappedPreview */,
			);
			name = Mapped25Preview;
			packageProductDependencies = (
			);
			productName = MappedPreview;
			productReference = 6E6DB6A12EC4EB8100B24606 /* Mapped25Preview.appex */;
			productType = "com.apple.product-type.app-extension";
		};
/* End PBXNativeTarget section */

/* Begin PBXProject section */
		6E318CA92C791F1F00DDABFF /* Project object */ = {
			isa = PBXProject;
			attributes = {
				BuildIndependentTargetsInParallel = 1;
				LastSwiftUpdateCheck = 1640;
				LastUpgradeCheck = 2600;
				TargetAttributes = {
					6E318CB02C791F1F00DDABFF = {
						CreatedOnToolsVersion = 15.4;
					};
					6E318CC02C791F2200DDABFF = {
						CreatedOnToolsVersion = 15.4;
						TestTargetID = 6E318CB02C791F1F00DDABFF;
					};
					6E318CCA2C791F2200DDABFF = {
						CreatedOnToolsVersion = 15.4;
						TestTargetID = 6E318CB02C791F1F00DDABFF;
					};
					6E6DB6A02EC4EB8100B24606 = {
						CreatedOnToolsVersion = 16.4;
					};
				};
			};
			buildConfigurationList = 6E318CAC2C791F1F00DDABFF /* Build configuration list for PBXProject "Mapped25" */;
			compatibilityVersion = "Xcode 14.0";
			developmentRegion = en;
			hasScannedForEncodings = 0;
			knownRegions = (
				en,
				Base,
			);
			mainGroup = 6E318CA82C791F1F00DDABFF;
			productRefGroup = 6E318CB22C791F1F00DDABFF /* Products */;
			projectDirPath = "";
			projectRoot = "";
			targets = (
				6E318CB02C791F1F00DDABFF /* Mapped25 */,
				6E318CC02C791F2200DDABFF /* Mapped25Tests */,
				6E318CCA2C791F2200DDABFF /* Mapped25UITests */,
				6E6DB6A02EC4EB8100B24606 /* Mapped25Preview */,
			);
		};
/* End PBXProject section */

/* Begin PBXResourcesBuildPhase section */
		6E318CAF2C791F1F00DDABFF /* Resources */ = {
			isa = PBXResourcesBuildPhase;
			buildActionMask = 2147483647;
			files = (
				6E6D90852ECBA80B004C3945 /* PrivacyInfo.xcprivacy in Resources */,
				6E318CBC2C791F2200DDABFF /* Preview Assets.xcassets in Resources */,
				6E318CB92C791F2200DDABFF /* Assets.xcassets in Resources */,
				6E66DA342EC2795100536186 /* DocumentIcon@2x.png in Resources */,
				6E66DA352EC2795100536186 /* DocumentIcon@3x.png in Resources */,
				6E66DA362EC2795100536186 /* DocumentIcon@1x.png in Resources */,
			);
			runOnlyForDeploymentPostprocessing = 0;
		};
		6E318CBF2C791F2200DDABFF /* Resources */ = {
			isa = PBXResourcesBuildPhase;
			buildActionMask = 2147483647;
			files = (
			);
			runOnlyForDeploymentPostprocessing = 0;
		};
		6E318CC92C791F2200DDABFF /* Resources */ = {
			isa = PBXResourcesBuildPhase;
			buildActionMask = 2147483647;
			files = (
			);
			runOnlyForDeploymentPostprocessing = 0;
		};
		6E6DB69F2EC4EB8100B24606 /* Resources */ = {
			isa = PBXResourcesBuildPhase;
			buildActionMask = 2147483647;
			files = (
			);
			runOnlyForDeploymentPostprocessing = 0;
		};
/* End PBXResourcesBuildPhase section */

/* Begin PBXSourcesBuildPhase section */
		6E318CAD2C791F1F00DDABFF /* Sources */ = {
			isa = PBXSourcesBuildPhase;
			buildActionMask = 2147483647;
			files = (
				6E6D90872ECBB568004C3945 /* YearStoryCarousel.swift in Sources */,
				6EDFBC262EB173270011EEB3 /* FriendsManagerView.swift in Sources */,
				6EB5557B2C9A1E490017CC30 /* StatisticsSection.swift in Sources */,
				6E318CB72C791F1F00DDABFF /* ContentView.swift in Sources */,
				6EA543352CA1ADAB00AA8A4D /* PhotoLoader.swift in Sources */,
				6ED98EE62EBACF580039079B /* NotificationManager.swift in Sources */,
				6E3DF2D62EB03B6500B4A334 /* LocationDataExporter.swift in Sources */,
				6E6D8BBC2CC0654300C79767 /* ShareSection.swift in Sources */,
				6EAB32852E9C4025006444A0 /* VideoExportView.swift in Sources */,
				6EAB32862E9C402C006444A0 /* VideoExporter.swift in Sources */,
				6EB5557D2C9A1F910017CC30 /* HomeMenu.swift in Sources */,
				6EB555792C9A1E1F0017CC30 /* MapSection.swift in Sources */,
				6E72FF7A2ECD3F5100917B89 /* ResponsiveLayout.swift in Sources */,
				6EE6389E2EBE520900588281 /* VideoExportManager.swift in Sources */,
				6EDFBC242EB172F40011EEB3 /* PersistenceManager.swift in Sources */,
				6E318CB52C791F1F00DDABFF /* MappedApp.swift in Sources */,
				6E6D90832ECB923D004C3945 /* OnboardingView.swift in Sources */,
				6EE12E762EC23F4000502F89 /* FriendLeaderboard.swift in Sources */,
				6E6D90892ECBB68C004C3945 /* ConstellationFullView.swift in Sources */,
			);
			runOnlyForDeploymentPostprocessing = 0;
		};
		6E318CBD2C791F2200DDABFF /* Sources */ = {
			isa = PBXSourcesBuildPhase;
			buildActionMask = 2147483647;
			files = (
				6E318CC62C791F2200DDABFF /* MappedTests.swift in Sources */,
			);
			runOnlyForDeploymentPostprocessing = 0;
		};
		6E318CC72C791F2200DDABFF /* Sources */ = {
			isa = PBXSourcesBuildPhase;
			buildActionMask = 2147483647;
			files = (
				6E318CD02C791F2200DDABFF /* MappedUITests.swift in Sources */,
				6E318CD22C791F2200DDABFF /* MappedUITestsLaunchTests.swift in Sources */,
			);
			runOnlyForDeploymentPostprocessing = 0;
		};
		6E6DB69D2EC4EB8100B24606 /* Sources */ = {
			isa = PBXSourcesBuildPhase;
			buildActionMask = 2147483647;
			files = (
			);
			runOnlyForDeploymentPostprocessing = 0;
		};
/* End PBXSourcesBuildPhase section */

/* Begin PBXTargetDependency section */
		6E318CC32C791F2200DDABFF /* PBXTargetDependency */ = {
			isa = PBXTargetDependency;
			target = 6E318CB02C791F1F00DDABFF /* Mapped25 */;
			targetProxy = 6E318CC22C791F2200DDABFF /* PBXContainerItemProxy */;
		};
		6E318CCD2C791F2200DDABFF /* PBXTargetDependency */ = {
			isa = PBXTargetDependency;
			target = 6E318CB02C791F1F00DDABFF /* Mapped25 */;
			targetProxy = 6E318CCC2C791F2200DDABFF /* PBXContainerItemProxy */;
		};
		6E6DB6AF2EC4EB8200B24606 /* PBXTargetDependency */ = {
			isa = PBXTargetDependency;
			target = 6E6DB6A02EC4EB8100B24606 /* Mapped25Preview */;
			targetProxy = 6E6DB6AE2EC4EB8200B24606 /* PBXContainerItemProxy */;
		};
/* End PBXTargetDependency section */

/* Begin XCBuildConfiguration section */
		6E318CD32C791F2200DDABFF /* Debug */ = {
			isa = XCBuildConfiguration;
			buildSettings = {
				ALWAYS_SEARCH_USER_PATHS = NO;
				ASSETCATALOG_COMPILER_GENERATE_SWIFT_ASSET_SYMBOL_EXTENSIONS = YES;
				CLANG_ANALYZER_NONNULL = YES;
				CLANG_ANALYZER_NUMBER_OBJECT_CONVERSION = YES_AGGRESSIVE;
				CLANG_CXX_LANGUAGE_STANDARD = "gnu++20";
				CLANG_ENABLE_MODULES = YES;
				CLANG_ENABLE_OBJC_ARC = YES;
				CLANG_ENABLE_OBJC_WEAK = YES;
				CLANG_WARN_BLOCK_CAPTURE_AUTORELEASING = YES;
				CLANG_WARN_BOOL_CONVERSION = YES;
				CLANG_WARN_COMMA = YES;
				CLANG_WARN_CONSTANT_CONVERSION = YES;
				CLANG_WARN_DEPRECATED_OBJC_IMPLEMENTATIONS = YES;
				CLANG_WARN_DIRECT_OBJC_ISA_USAGE = YES_ERROR;
				CLANG_WARN_DOCUMENTATION_COMMENTS = YES;
				CLANG_WARN_EMPTY_BODY = YES;
				CLANG_WARN_ENUM_CONVERSION = YES;
				CLANG_WARN_INFINITE_RECURSION = YES;
				CLANG_WARN_INT_CONVERSION = YES;
				CLANG_WARN_NON_LITERAL_NULL_CONVERSION = YES;
				CLANG_WARN_OBJC_IMPLICIT_RETAIN_SELF = YES;
				CLANG_WARN_OBJC_LITERAL_CONVERSION = YES;
				CLANG_WARN_OBJC_ROOT_CLASS = YES_ERROR;
				CLANG_WARN_QUOTED_INCLUDE_IN_FRAMEWORK_HEADER = YES;
				CLANG_WARN_RANGE_LOOP_ANALYSIS = YES;
				CLANG_WARN_STRICT_PROTOTYPES = YES;
				CLANG_WARN_SUSPICIOUS_MOVE = YES;
				CLANG_WARN_UNGUARDED_AVAILABILITY = YES_AGGRESSIVE;
				CLANG_WARN_UNREACHABLE_CODE = YES;
				CLANG_WARN__DUPLICATE_METHOD_MATCH = YES;
				COPY_PHASE_STRIP = NO;
				DEBUG_INFORMATION_FORMAT = dwarf;
				ENABLE_STRICT_OBJC_MSGSEND = YES;
				ENABLE_TESTABILITY = YES;
				ENABLE_USER_SCRIPT_SANDBOXING = YES;
				GCC_C_LANGUAGE_STANDARD = gnu17;
				GCC_DYNAMIC_NO_PIC = NO;
				GCC_NO_COMMON_BLOCKS = YES;
				GCC_OPTIMIZATION_LEVEL = 0;
				GCC_PREPROCESSOR_DEFINITIONS = (
					"DEBUG=1",
					"$(inherited)",
				);
				GCC_WARN_64_TO_32_BIT_CONVERSION = YES;
				GCC_WARN_ABOUT_RETURN_TYPE = YES_ERROR;
				GCC_WARN_UNDECLARED_SELECTOR = YES;
				GCC_WARN_UNINITIALIZED_AUTOS = YES_AGGRESSIVE;
				GCC_WARN_UNUSED_FUNCTION = YES;
				GCC_WARN_UNUSED_VARIABLE = YES;
				IPHONEOS_DEPLOYMENT_TARGET = 17.5;
				LOCALIZATION_PREFERS_STRING_CATALOGS = YES;
				MTL_ENABLE_DEBUG_INFO = INCLUDE_SOURCE;
				MTL_FAST_MATH = YES;
				ONLY_ACTIVE_ARCH = YES;
				SDKROOT = iphoneos;
				STRING_CATALOG_GENERATE_SYMBOLS = YES;
				SWIFT_ACTIVE_COMPILATION_CONDITIONS = "DEBUG $(inherited)";
				SWIFT_OPTIMIZATION_LEVEL = "-Onone";
			};
			name = Debug;
		};
		6E318CD42C791F2200DDABFF /* Release */ = {
			isa = XCBuildConfiguration;
			buildSettings = {
				ALWAYS_SEARCH_USER_PATHS = NO;
				ASSETCATALOG_COMPILER_GENERATE_SWIFT_ASSET_SYMBOL_EXTENSIONS = YES;
				CLANG_ANALYZER_NONNULL = YES;
				CLANG_ANALYZER_NUMBER_OBJECT_CONVERSION = YES_AGGRESSIVE;
				CLANG_CXX_LANGUAGE_STANDARD = "gnu++20";
				CLANG_ENABLE_MODULES = YES;
				CLANG_ENABLE_OBJC_ARC = YES;
				CLANG_ENABLE_OBJC_WEAK = YES;
				CLANG_WARN_BLOCK_CAPTURE_AUTORELEASING = YES;
				CLANG_WARN_BOOL_CONVERSION = YES;
				CLANG_WARN_COMMA = YES;
				CLANG_WARN_CONSTANT_CONVERSION = YES;
				CLANG_WARN_DEPRECATED_OBJC_IMPLEMENTATIONS = YES;
				CLANG_WARN_DIRECT_OBJC_ISA_USAGE = YES_ERROR;
				CLANG_WARN_DOCUMENTATION_COMMENTS = YES;
				CLANG_WARN_EMPTY_BODY = YES;
				CLANG_WARN_ENUM_CONVERSION = YES;
				CLANG_WARN_INFINITE_RECURSION = YES;
				CLANG_WARN_INT_CONVERSION = YES;
				CLANG_WARN_NON_LITERAL_NULL_CONVERSION = YES;
				CLANG_WARN_OBJC_IMPLICIT_RETAIN_SELF = YES;
				CLANG_WARN_OBJC_LITERAL_CONVERSION = YES;
				CLANG_WARN_OBJC_ROOT_CLASS = YES_ERROR;
				CLANG_WARN_QUOTED_INCLUDE_IN_FRAMEWORK_HEADER = YES;
				CLANG_WARN_RANGE_LOOP_ANALYSIS = YES;
				CLANG_WARN_STRICT_PROTOTYPES = YES;
				CLANG_WARN_SUSPICIOUS_MOVE = YES;
				CLANG_WARN_UNGUARDED_AVAILABILITY = YES_AGGRESSIVE;
				CLANG_WARN_UNREACHABLE_CODE = YES;
				CLANG_WARN__DUPLICATE_METHOD_MATCH = YES;
				COPY_PHASE_STRIP = NO;
				DEBUG_INFORMATION_FORMAT = "dwarf-with-dsym";
				ENABLE_NS_ASSERTIONS = NO;
				ENABLE_STRICT_OBJC_MSGSEND = YES;
				ENABLE_USER_SCRIPT_SANDBOXING = YES;
				GCC_C_LANGUAGE_STANDARD = gnu17;
				GCC_NO_COMMON_BLOCKS = YES;
				GCC_WARN_64_TO_32_BIT_CONVERSION = YES;
				GCC_WARN_ABOUT_RETURN_TYPE = YES_ERROR;
				GCC_WARN_UNDECLARED_SELECTOR = YES;
				GCC_WARN_UNINITIALIZED_AUTOS = YES_AGGRESSIVE;
				GCC_WARN_UNUSED_FUNCTION = YES;
				GCC_WARN_UNUSED_VARIABLE = YES;
				IPHONEOS_DEPLOYMENT_TARGET = 17.5;
				LOCALIZATION_PREFERS_STRING_CATALOGS = YES;
				MTL_ENABLE_DEBUG_INFO = NO;
				MTL_FAST_MATH = YES;
				SDKROOT = iphoneos;
				STRING_CATALOG_GENERATE_SYMBOLS = YES;
				SWIFT_COMPILATION_MODE = wholemodule;
				VALIDATE_PRODUCT = YES;
			};
			name = Release;
		};
		6E318CD62C791F2200DDABFF /* Debug */ = {
			isa = XCBuildConfiguration;
			buildSettings = {
				ASSETCATALOG_COMPILER_APPICON_NAME = AppIcon;
				ASSETCATALOG_COMPILER_GLOBAL_ACCENT_COLOR_NAME = AccentColor;
				CODE_SIGN_ENTITLEMENTS = Mapped/Mapped.entitlements;
				CODE_SIGN_STYLE = Automatic;
				CURRENT_PROJECT_VERSION = 10;
				DEVELOPMENT_ASSET_PATHS = "\"Mapped/Preview Content\"";
				DEVELOPMENT_TEAM = 9VZ2M528HD;
				ENABLE_PREVIEWS = YES;
				GENERATE_INFOPLIST_FILE = YES;
				"INFOPLIST_FILE[sdk=*]" = Info.plist;
				INFOPLIST_KEY_CFBundleDisplayName = "Mapped 25";
				INFOPLIST_KEY_LSApplicationCategoryType = "public.app-category.lifestyle";
				INFOPLIST_KEY_LSSupportsOpeningDocumentsInPlace = YES;
				INFOPLIST_KEY_NSLocationWhenInUseUsageDescription = "Mapped uses location data from your photos to map your journey throughout the year.";
				INFOPLIST_KEY_NSPhotoLibraryAddUsageDescription = "2025 Mapped can save your generated journey videos and map images to your Photos library so you can easily share them with friends and family. Your original photos are never modified or deleted.";
				INFOPLIST_KEY_NSPhotoLibraryUsageDescription = "Mapped needs access to your photos to create an interactive map of your year based on photo locations and dates.";
				INFOPLIST_KEY_UIApplicationSceneManifest_Generation = YES;
				INFOPLIST_KEY_UIApplicationSupportsIndirectInputEvents = YES;
				INFOPLIST_KEY_UILaunchScreen_Generation = YES;
				INFOPLIST_KEY_UISupportedInterfaceOrientations_iPad = "UIInterfaceOrientationPortrait UIInterfaceOrientationPortraitUpsideDown UIInterfaceOrientationLandscapeLeft UIInterfaceOrientationLandscapeRight";
				INFOPLIST_KEY_UISupportedInterfaceOrientations_iPhone = "UIInterfaceOrientationPortrait UIInterfaceOrientationLandscapeLeft UIInterfaceOrientationLandscapeRight";
				INFOPLIST_KEY_UISupportsDocumentBrowser = YES;
				IPHONEOS_DEPLOYMENT_TARGET = 16.6;
				LD_RUNPATH_SEARCH_PATHS = (
					"$(inherited)",
					"@executable_path/Frameworks",
				);
				MARKETING_VERSION = 10;
				PRODUCT_BUNDLE_IDENTIFIER = NovalCo.Mapped25;
				PRODUCT_NAME = "$(TARGET_NAME)";
				SUPPORTED_PLATFORMS = "iphoneos iphonesimulator";
				SUPPORTS_MACCATALYST = NO;
				SUPPORTS_MAC_DESIGNED_FOR_IPHONE_IPAD = NO;
				SUPPORTS_XR_DESIGNED_FOR_IPHONE_IPAD = NO;
				SWIFT_EMIT_LOC_STRINGS = YES;
				SWIFT_VERSION = 5.0;
				TARGETED_DEVICE_FAMILY = 1;
			};
			name = Debug;
		};
		6E318CD72C791F2200DDABFF /* Release */ = {
			isa = XCBuildConfiguration;
			buildSettings = {
				ASSETCATALOG_COMPILER_APPICON_NAME = AppIcon;
				ASSETCATALOG_COMPILER_GLOBAL_ACCENT_COLOR_NAME = AccentColor;
				CODE_SIGN_ENTITLEMENTS = Mapped/Mapped.entitlements;
				CODE_SIGN_STYLE = Automatic;
				CURRENT_PROJECT_VERSION = 10;
				DEVELOPMENT_ASSET_PATHS = "\"Mapped/Preview Content\"";
				DEVELOPMENT_TEAM = 9VZ2M528HD;
				ENABLE_PREVIEWS = YES;
				GENERATE_INFOPLIST_FILE = YES;
				"INFOPLIST_FILE[sdk=*]" = Info.plist;
				INFOPLIST_KEY_CFBundleDisplayName = "Mapped 25";
				INFOPLIST_KEY_LSApplicationCategoryType = "public.app-category.lifestyle";
				INFOPLIST_KEY_LSSupportsOpeningDocumentsInPlace = YES;
				INFOPLIST_KEY_NSLocationWhenInUseUsageDescription = "Mapped uses location data from your photos to map your journey throughout the year.";
				INFOPLIST_KEY_NSPhotoLibraryAddUsageDescription = "2025 Mapped can save your generated journey videos and map images to your Photos library so you can easily share them with friends and family. Your original photos are never modified or deleted.";
				INFOPLIST_KEY_NSPhotoLibraryUsageDescription = "Mapped needs access to your photos to create an interactive map of your year based on photo locations and dates.";
				INFOPLIST_KEY_UIApplicationSceneManifest_Generation = YES;
				INFOPLIST_KEY_UIApplicationSupportsIndirectInputEvents = YES;
				INFOPLIST_KEY_UILaunchScreen_Generation = YES;
				INFOPLIST_KEY_UISupportedInterfaceOrientations_iPad = "UIInterfaceOrientationPortrait UIInterfaceOrientationPortraitUpsideDown UIInterfaceOrientationLandscapeLeft UIInterfaceOrientationLandscapeRight";
				INFOPLIST_KEY_UISupportedInterfaceOrientations_iPhone = "UIInterfaceOrientationPortrait UIInterfaceOrientationLandscapeLeft UIInterfaceOrientationLandscapeRight";
				INFOPLIST_KEY_UISupportsDocumentBrowser = YES;
				IPHONEOS_DEPLOYMENT_TARGET = 16.6;
				LD_RUNPATH_SEARCH_PATHS = (
					"$(inherited)",
					"@executable_path/Frameworks",
				);
				MARKETING_VERSION = 10;
				PRODUCT_BUNDLE_IDENTIFIER = NovalCo.Mapped25;
				PRODUCT_NAME = "$(TARGET_NAME)";
				SUPPORTED_PLATFORMS = "iphoneos iphonesimulator";
				SUPPORTS_MACCATALYST = NO;
				SUPPORTS_MAC_DESIGNED_FOR_IPHONE_IPAD = NO;
				SUPPORTS_XR_DESIGNED_FOR_IPHONE_IPAD = NO;
				SWIFT_EMIT_LOC_STRINGS = YES;
				SWIFT_VERSION = 5.0;
				TARGETED_DEVICE_FAMILY = 1;
			};
			name = Release;
		};
		6E318CD92C791F2200DDABFF /* Debug */ = {
			isa = XCBuildConfiguration;
			buildSettings = {
				BUNDLE_LOADER = "$(TEST_HOST)";
				CODE_SIGN_STYLE = Automatic;
				CURRENT_PROJECT_VERSION = 9;
				DEVELOPMENT_TEAM = 9VZ2M528HD;
				GENERATE_INFOPLIST_FILE = YES;
				IPHONEOS_DEPLOYMENT_TARGET = 16.6;
				MARKETING_VERSION = 9;
				PRODUCT_BUNDLE_IDENTIFIER = NovalCo.MappedTests;
				PRODUCT_NAME = "$(TARGET_NAME)";
				SUPPORTED_PLATFORMS = "iphoneos iphonesimulator";
				SUPPORTS_MACCATALYST = NO;
				SUPPORTS_MAC_DESIGNED_FOR_IPHONE_IPAD = NO;
				SUPPORTS_XR_DESIGNED_FOR_IPHONE_IPAD = NO;
				SWIFT_EMIT_LOC_STRINGS = NO;
				SWIFT_VERSION = 5.0;
				TARGETED_DEVICE_FAMILY = 1;
				TEST_HOST = "$(BUILT_PRODUCTS_DIR)/Mapped25.app/$(BUNDLE_EXECUTABLE_FOLDER_PATH)/Mapped25";
			};
			name = Debug;
		};
		6E318CDA2C791F2200DDABFF /* Release */ = {
			isa = XCBuildConfiguration;
			buildSettings = {
				BUNDLE_LOADER = "$(TEST_HOST)";
				CODE_SIGN_STYLE = Automatic;
				CURRENT_PROJECT_VERSION = 9;
				DEVELOPMENT_TEAM = 9VZ2M528HD;
				GENERATE_INFOPLIST_FILE = YES;
				IPHONEOS_DEPLOYMENT_TARGET = 16.6;
				MARKETING_VERSION = 9;
				PRODUCT_BUNDLE_IDENTIFIER = NovalCo.MappedTests;
				PRODUCT_NAME = "$(TARGET_NAME)";
				SUPPORTED_PLATFORMS = "iphoneos iphonesimulator";
				SUPPORTS_MACCATALYST = NO;
				SUPPORTS_MAC_DESIGNED_FOR_IPHONE_IPAD = NO;
				SUPPORTS_XR_DESIGNED_FOR_IPHONE_IPAD = NO;
				SWIFT_EMIT_LOC_STRINGS = NO;
				SWIFT_VERSION = 5.0;
				TARGETED_DEVICE_FAMILY = 1;
				TEST_HOST = "$(BUILT_PRODUCTS_DIR)/Mapped25.app/$(BUNDLE_EXECUTABLE_FOLDER_PATH)/Mapped25";
			};
			name = Release;
		};
		6E318CDC2C791F2200DDABFF /* Debug */ = {
			isa = XCBuildConfiguration;
			buildSettings = {
				CODE_SIGN_STYLE = Automatic;
				CURRENT_PROJECT_VERSION = 9;
				DEVELOPMENT_TEAM = 9VZ2M528HD;
				GENERATE_INFOPLIST_FILE = YES;
				IPHONEOS_DEPLOYMENT_TARGET = 16.6;
				MARKETING_VERSION = 9;
				PRODUCT_BUNDLE_IDENTIFIER = NovalCo.MappedUITests;
				PRODUCT_NAME = "$(TARGET_NAME)";
				SUPPORTED_PLATFORMS = "iphoneos iphonesimulator";
				SUPPORTS_MACCATALYST = NO;
				SUPPORTS_MAC_DESIGNED_FOR_IPHONE_IPAD = NO;
				SUPPORTS_XR_DESIGNED_FOR_IPHONE_IPAD = NO;
				SWIFT_EMIT_LOC_STRINGS = NO;
				SWIFT_VERSION = 5.0;
				TARGETED_DEVICE_FAMILY = 1;
				TEST_TARGET_NAME = Mapped;
			};
			name = Debug;
		};
		6E318CDD2C791F2200DDABFF /* Release */ = {
			isa = XCBuildConfiguration;
			buildSettings = {
				CODE_SIGN_STYLE = Automatic;
				CURRENT_PROJECT_VERSION = 9;
				DEVELOPMENT_TEAM = 9VZ2M528HD;
				GENERATE_INFOPLIST_FILE = YES;
				IPHONEOS_DEPLOYMENT_TARGET = 16.6;
				MARKETING_VERSION = 9;
				PRODUCT_BUNDLE_IDENTIFIER = NovalCo.MappedUITests;
				PRODUCT_NAME = "$(TARGET_NAME)";
				SUPPORTED_PLATFORMS = "iphoneos iphonesimulator";
				SUPPORTS_MACCATALYST = NO;
				SUPPORTS_MAC_DESIGNED_FOR_IPHONE_IPAD = NO;
				SUPPORTS_XR_DESIGNED_FOR_IPHONE_IPAD = NO;
				SWIFT_EMIT_LOC_STRINGS = NO;
				SWIFT_VERSION = 5.0;
				TARGETED_DEVICE_FAMILY = 1;
				TEST_TARGET_NAME = Mapped;
			};
			name = Release;
		};
		6E6DB6B22EC4EB8200B24606 /* Debug */ = {
			isa = XCBuildConfiguration;
			buildSettings = {
				CODE_SIGN_ENTITLEMENTS = MappedPreview/MappedPreview.entitlements;
				CODE_SIGN_STYLE = Automatic;
				CURRENT_PROJECT_VERSION = 10;
				DEVELOPMENT_TEAM = 9VZ2M528HD;
				GENERATE_INFOPLIST_FILE = YES;
				INFOPLIST_FILE = MappedPreview/Info.plist;
				INFOPLIST_KEY_CFBundleDisplayName = MappedPreview;
				INFOPLIST_KEY_NSHumanReadableCopyright = "";
				IPHONEOS_DEPLOYMENT_TARGET = 16.6;
				LD_RUNPATH_SEARCH_PATHS = (
					"$(inherited)",
					"@executable_path/Frameworks",
					"@executable_path/../../Frameworks",
				);
				MARKETING_VERSION = 10;
				PRODUCT_BUNDLE_IDENTIFIER = NovalCo.Mapped25.MappedPreview;
				PRODUCT_NAME = "$(TARGET_NAME)";
				SKIP_INSTALL = YES;
				SUPPORTED_PLATFORMS = "iphoneos iphonesimulator";
				SUPPORTS_MACCATALYST = NO;
				SUPPORTS_MAC_DESIGNED_FOR_IPHONE_IPAD = NO;
				SUPPORTS_XR_DESIGNED_FOR_IPHONE_IPAD = NO;
				SWIFT_EMIT_LOC_STRINGS = YES;
				SWIFT_VERSION = 5.0;
				TARGETED_DEVICE_FAMILY = 1;
			};
			name = Debug;
		};
		6E6DB6B32EC4EB8200B24606 /* Release */ = {
			isa = XCBuildConfiguration;
			buildSettings = {
				CODE_SIGN_ENTITLEMENTS = MappedPreview/MappedPreview.entitlements;
				CODE_SIGN_STYLE = Automatic;
				CURRENT_PROJECT_VERSION = 10;
				DEVELOPMENT_TEAM = 9VZ2M528HD;
				GENERATE_INFOPLIST_FILE = YES;
				INFOPLIST_FILE = MappedPreview/Info.plist;
				INFOPLIST_KEY_CFBundleDisplayName = MappedPreview;
				INFOPLIST_KEY_NSHumanReadableCopyright = "";
				IPHONEOS_DEPLOYMENT_TARGET = 16.6;
				LD_RUNPATH_SEARCH_PATHS = (
					"$(inherited)",
					"@executable_path/Frameworks",
					"@executable_path/../../Frameworks",
				);
				MARKETING_VERSION = 10;
				PRODUCT_BUNDLE_IDENTIFIER = NovalCo.Mapped25.MappedPreview;
				PRODUCT_NAME = "$(TARGET_NAME)";
				SKIP_INSTALL = YES;
				SUPPORTED_PLATFORMS = "iphoneos iphonesimulator";
				SUPPORTS_MACCATALYST = NO;
				SUPPORTS_MAC_DESIGNED_FOR_IPHONE_IPAD = NO;
				SUPPORTS_XR_DESIGNED_FOR_IPHONE_IPAD = NO;
				SWIFT_EMIT_LOC_STRINGS = YES;
				SWIFT_VERSION = 5.0;
				TARGETED_DEVICE_FAMILY = 1;
			};
			name = Release;
		};
/* End XCBuildConfiguration section */

/* Begin XCConfigurationList section */
		6E318CAC2C791F1F00DDABFF /* Build configuration list for PBXProject "Mapped25" */ = {
			isa = XCConfigurationList;
			buildConfigurations = (
				6E318CD32C791F2200DDABFF /* Debug */,
				6E318CD42C791F2200DDABFF /* Release */,
			);
			defaultConfigurationIsVisible = 0;
			defaultConfigurationName = Release;
		};
		6E318CD52C791F2200DDABFF /* Build configuration list for PBXNativeTarget "Mapped25" */ = {
			isa = XCConfigurationList;
			buildConfigurations = (
				6E318CD62C791F2200DDABFF /* Debug */,
				6E318CD72C791F2200DDABFF /* Release */,
			);
			defaultConfigurationIsVisible = 0;
			defaultConfigurationName = Release;
		};
		6E318CD82C791F2200DDABFF /* Build configuration list for PBXNativeTarget "Mapped25Tests" */ = {
			isa = XCConfigurationList;
			buildConfigurations = (
				6E318CD92C791F2200DDABFF /* Debug */,
				6E318CDA2C791F2200DDABFF /* Release */,
			);
			defaultConfigurationIsVisible = 0;
			defaultConfigurationName = Release;
		};
		6E318CDB2C791F2200DDABFF /* Build configuration list for PBXNativeTarget "Mapped25UITests" */ = {
			isa = XCConfigurationList;
			buildConfigurations = (
				6E318CDC2C791F2200DDABFF /* Debug */,
				6E318CDD2C791F2200DDABFF /* Release */,
			);
			defaultConfigurationIsVisible = 0;
			defaultConfigurationName = Release;
		};
		6E6DB6B52EC4EB8200B24606 /* Build configuration list for PBXNativeTarget "Mapped25Preview" */ = {
			isa = XCConfigurationList;
			buildConfigurations = (
				6E6DB6B22EC4EB8200B24606 /* Debug */,
				6E6DB6B32EC4EB8200B24606 /* Release */,
			);
			defaultConfigurationIsVisible = 0;
			defaultConfigurationName = Release;
		};
/* End XCConfigurationList section */
	};
	rootObject = 6E318CA92C791F1F00DDABFF /* Project object */;
}
